
Microsoft Visual Studio Solution File, Format Version 12.00
# Visual Studio Version 17
VisualStudioVersion = 17.8.34309.116
MinimumVisualStudioVersion = 10.0.40219.1
Project("{9A19103F-16F7-4668-BE54-9A1E7A4F7556}") = "TaxCalculator.Web", "TaxCalculator\TaxCalculator.Web.csproj", "{A2FCCADA-B92A-4F25-961C-94BC63D1E785}"
EndProject
Project("{9A19103F-16F7-4668-BE54-9A1E7A4F7556}") = "TaxCalculator.WebApi", "TaxCalculator.Api\TaxCalculator.WebApi.csproj", "{8EA8659C-83D8-4503-B462-29F26778473C}"
EndProject
Project("{9A19103F-16F7-4668-BE54-9A1E7A4F7556}") = "TaxCalculator.UnitTests", "TaxCalculator.UnitTests\TaxCalculator.UnitTests.csproj", "{D6050FFF-3624-4CC9-9AEB-4351CEE954BE}"
EndProject
Project("{9A19103F-16F7-4668-BE54-9A1E7A4F7556}") = "TaxCalculator.Db", "TaxCalculator.Db\TaxCalculator.Db.csproj", "{EDBD9AB2-3BB2-40B0-88FC-7B5A14B33B26}"
EndProject
Project("{9A19103F-16F7-4668-BE54-9A1E7A4F7556}") = "TaxCalculator.Services", "TaxCalculator.Services\TaxCalculator.Services.csproj", "{372A7CBB-72D8-42BA-9570-E477F3BFDC52}"
EndProject
Project("{9A19103F-16F7-4668-BE54-9A1E7A4F7556}") = "TaxCalculator.Reps", "TaxCalculator.Reps\TaxCalculator.Reps.csproj", "{C71C90B7-6717-4FCF-83B6-F84AF8AF182B}"
EndProject
Global
	GlobalSection(SolutionConfigurationPlatforms) = preSolution
		Debug|Any CPU = Debug|Any CPU
		Release|Any CPU = Release|Any CPU
	EndGlobalSection
	GlobalSection(ProjectConfigurationPlatforms) = postSolution
		{A2FCCADA-B92A-4F25-961C-94BC63D1E785}.Debug|Any CPU.ActiveCfg = Debug|Any CPU
		{A2FCCADA-B92A-4F25-961C-94BC63D1E785}.Debug|Any CPU.Build.0 = Debug|Any CPU
		{A2FCCADA-B92A-4F25-961C-94BC63D1E785}.Release|Any CPU.ActiveCfg = Release|Any CPU
		{A2FCCADA-B92A-4F25-961C-94BC63D1E785}.Release|Any CPU.Build.0 = Release|Any CPU
		{8EA8659C-83D8-4503-B462-29F26778473C}.Debug|Any CPU.ActiveCfg = Debug|Any CPU
		{8EA8659C-83D8-4503-B462-29F26778473C}.Debug|Any CPU.Build.0 = Debug|Any CPU
		{8EA8659C-83D8-4503-B462-29F26778473C}.Release|Any CPU.ActiveCfg = Release|Any CPU
		{8EA8659C-83D8-4503-B462-29F26778473C}.Release|Any CPU.Build.0 = Release|Any CPU
		{D6050FFF-3624-4CC9-9AEB-4351CEE954BE}.Debug|Any CPU.ActiveCfg = Debug|Any CPU
		{D6050FFF-3624-4CC9-9AEB-4351CEE954BE}.Debug|Any CPU.Build.0 = Debug|Any CPU
		{D6050FFF-3624-4CC9-9AEB-4351CEE954BE}.Release|Any CPU.ActiveCfg = Release|Any CPU
		{D6050FFF-3624-4CC9-9AEB-4351CEE954BE}.Release|Any CPU.Build.0 = Release|Any CPU
		{EDBD9AB2-3BB2-40B0-88FC-7B5A14B33B26}.Debug|Any CPU.ActiveCfg = Debug|Any CPU
		{EDBD9AB2-3BB2-40B0-88FC-7B5A14B33B26}.Debug|Any CPU.Build.0 = Debug|Any CPU
		{EDBD9AB2-3BB2-40B0-88FC-7B5A14B33B26}.Release|Any CPU.ActiveCfg = Release|Any CPU
		{EDBD9AB2-3BB2-40B0-88FC-7B5A14B33B26}.Release|Any CPU.Build.0 = Release|Any CPU
		{372A7CBB-72D8-42BA-9570-E477F3BFDC52}.Debug|Any CPU.ActiveCfg = Debug|Any CPU
		{372A7CBB-72D8-42BA-9570-E477F3BFDC52}.Debug|Any CPU.Build.0 = Debug|Any CPU
		{372A7CBB-72D8-42BA-9570-E477F3BFDC52}.Release|Any CPU.ActiveCfg = Release|Any CPU
		{372A7CBB-72D8-42BA-9570-E477F3BFDC52}.Release|Any CPU.Build.0 = Release|Any CPU
		{C71C90B7-6717-4FCF-83B6-F84AF8AF182B}.Debug|Any CPU.ActiveCfg = Debug|Any CPU
		{C71C90B7-6717-4FCF-83B6-F84AF8AF182B}.Debug|Any CPU.Build.0 = Debug|Any CPU
		{C71C90B7-6717-4FCF-83B6-F84AF8AF182B}.Release|Any CPU.ActiveCfg = Release|Any CPU
		{C71C90B7-6717-4FCF-83B6-F84AF8AF182B}.Release|Any CPU.Build.0 = Release|Any CPU
	EndGlobalSection
	GlobalSection(SolutionProperties) = preSolution
		HideSolutionNode = FALSE
	EndGlobalSection
	GlobalSection(ExtensibilityGlobals) = postSolution
		SolutionGuid = {752DFC7A-1662-4157-A280-D99C3FB9DD13}
	EndGlobalSection
EndGlobal
